
Microsoft Visual Studio Solution File, Format Version 12.00
# Visual Studio Version 16
VisualStudioVersion = 16.0.33920.266
MinimumVisualStudioVersion = 10.0.40219.1
Project("{F184B08F-C81C-45F6-A57F-5ABD9991F28F}") = "GROUP11_ACTIVITY1", "GROUP11_ACTIVITY1.vbproj", "{E8C71AAF-1206-4420-99FE-801D906621D3}"
EndProject
Global
	GlobalSection(SolutionConfigurationPlatforms) = preSolution
		Debug|Any CPU = Debug|Any CPU
		Release|Any CPU = Release|Any CPU
	EndGlobalSection
	GlobalSection(ProjectConfigurationPlatforms) = postSolution
		{E8C71AAF-1206-4420-99FE-801D906621D3}.Debug|Any CPU.ActiveCfg = Debug|Any CPU
		{E8C71AAF-1206-4420-99FE-801D906621D3}.Debug|Any CPU.Build.0 = Debug|Any CPU
		{E8C71AAF-1206-4420-99FE-801D906621D3}.Release|Any CPU.ActiveCfg = Release|Any CPU
		{E8C71AAF-1206-4420-99FE-801D906621D3}.Release|Any CPU.Build.0 = Release|Any CPU
	EndGlobalSection
	GlobalSection(SolutionProperties) = preSolution
		HideSolutionNode = FALSE
	EndGlobalSection
	GlobalSection(ExtensibilityGlobals) = postSolution
		SolutionGuid = {78BC8FE4-3B5A-4C31-B67E-2BD1F1DB05C9}
	EndGlobalSection
EndGlobal
